
Microsoft Visual Studio Solution File, Format Version 12.00
# Visual Studio 15
VisualStudioVersion = 15.0.27428.2015
MinimumVisualStudioVersion = 10.0.40219.1
Project("{FAE04EC0-301F-11D3-BF4B-00C04F79EFBC}") = "WorldCupBetSmartContract", "WorldCupBetSmartContract\WorldCupBetSmartContract.csproj", "{D2BF9097-AFC6-49FD-BA45-00D866BC1762}"
EndProject
Project("{FAE04EC0-301F-11D3-BF4B-00C04F79EFBC}") = "WorldCup.UnitTest", "ByteCode\WorldCup.UnitTest.csproj", "{7F80BD15-6480-42EA-BC67-4E5B56F47E12}"
EndProject
Global
	GlobalSection(SolutionConfigurationPlatforms) = preSolution
		Debug|Any CPU = Debug|Any CPU
		Release|Any CPU = Release|Any CPU
	EndGlobalSection
	GlobalSection(ProjectConfigurationPlatforms) = postSolution
		{D2BF9097-AFC6-49FD-BA45-00D866BC1762}.Debug|Any CPU.ActiveCfg = Debug|Any CPU
		{D2BF9097-AFC6-49FD-BA45-00D866BC1762}.Debug|Any CPU.Build.0 = Debug|Any CPU
		{D2BF9097-AFC6-49FD-BA45-00D866BC1762}.Release|Any CPU.ActiveCfg = Release|Any CPU
		{D2BF9097-AFC6-49FD-BA45-00D866BC1762}.Release|Any CPU.Build.0 = Release|Any CPU
		{7F80BD15-6480-42EA-BC67-4E5B56F47E12}.Debug|Any CPU.ActiveCfg = Debug|Any CPU
		{7F80BD15-6480-42EA-BC67-4E5B56F47E12}.Debug|Any CPU.Build.0 = Debug|Any CPU
		{7F80BD15-6480-42EA-BC67-4E5B56F47E12}.Release|Any CPU.ActiveCfg = Release|Any CPU
		{7F80BD15-6480-42EA-BC67-4E5B56F47E12}.Release|Any CPU.Build.0 = Release|Any CPU
	EndGlobalSection
	GlobalSection(SolutionProperties) = preSolution
		HideSolutionNode = FALSE
	EndGlobalSection
	GlobalSection(ExtensibilityGlobals) = postSolution
		SolutionGuid = {B4DE0CDE-CB66-4E18-AAC1-0493F59364D3}
	EndGlobalSection
EndGlobal
